// !$*UTF8*$!
{
	archiveVersion = 1;
	classes = {
	};
	objectVersion = 56;
	objects = {

/* Begin PBXBuildFile section */
		E190F0492BAB3CDB0070060C /* FetchAssessmentApp.swift in Sources */ = {isa = PBXBuildFile; fileRef = E190F0482BAB3CDB0070060C /* FetchAssessmentApp.swift */; };
		E190F04B2BAB3CDB0070060C /* ContentView.swift in Sources */ = {isa = PBXBuildFile; fileRef = E190F04A2BAB3CDB0070060C /* ContentView.swift */; };
		E190F04D2BAB3CDC0070060C /* Assets.xcassets in Resources */ = {isa = PBXBuildFile; fileRef = E190F04C2BAB3CDC0070060C /* Assets.xcassets */; };
		E190F0502BAB3CDC0070060C /* Preview Assets.xcassets in Resources */ = {isa = PBXBuildFile; fileRef = E190F04F2BAB3CDC0070060C /* Preview Assets.xcassets */; };
		E190F05A2BAB3CDC0070060C /* FetchAssessmentTests.swift in Sources */ = {isa = PBXBuildFile; fileRef = E190F0592BAB3CDC0070060C /* FetchAssessmentTests.swift */; };
		E190F0642BAB3CDC0070060C /* FetchAssessmentUITests.swift in Sources */ = {isa = PBXBuildFile; fileRef = E190F0632BAB3CDC0070060C /* FetchAssessmentUITests.swift */; };
		E190F0662BAB3CDC0070060C /* FetchAssessmentUITestsLaunchTests.swift in Sources */ = {isa = PBXBuildFile; fileRef = E190F0652BAB3CDC0070060C /* FetchAssessmentUITestsLaunchTests.swift */; };
		E190F0742BAB42CC0070060C /* ItemModel.swift in Sources */ = {isa = PBXBuildFile; fileRef = E190F0732BAB42CC0070060C /* ItemModel.swift */; };
		E190F0772BAB458F0070060C /* ItemViewModel.swift in Sources */ = {isa = PBXBuildFile; fileRef = E190F0762BAB458F0070060C /* ItemViewModel.swift */; };
		E190F07A2BAB48FC0070060C /* ItemNetworkService.swift in Sources */ = {isa = PBXBuildFile; fileRef = E190F0792BAB48FC0070060C /* ItemNetworkService.swift */; };
/* End PBXBuildFile section */

/* Begin PBXContainerItemProxy section */
		E190F0562BAB3CDC0070060C /* PBXContainerItemProxy */ = {
			isa = PBXContainerItemProxy;
			containerPortal = E190F03D2BAB3CDB0070060C /* Project object */;
			proxyType = 1;
			remoteGlobalIDString = E190F0442BAB3CDB0070060C;
			remoteInfo = FetchAssessment;
		};
		E190F0602BAB3CDC0070060C /* PBXContainerItemProxy */ = {
			isa = PBXContainerItemProxy;
			containerPortal = E190F03D2BAB3CDB0070060C /* Project object */;
			proxyType = 1;
			remoteGlobalIDString = E190F0442BAB3CDB0070060C;
			remoteInfo = FetchAssessment;
		};
/* End PBXContainerItemProxy section */

/* Begin PBXFileReference section */
		E190F0452BAB3CDB0070060C /* FetchAssessment.app */ = {isa = PBXFileReference; explicitFileType = wrapper.application; includeInIndex = 0; path = FetchAssessment.app; sourceTree = BUILT_PRODUCTS_DIR; };
		E190F0482BAB3CDB0070060C /* FetchAssessmentApp.swift */ = {isa = PBXFileReference; lastKnownFileType = sourcecode.swift; path = FetchAssessmentApp.swift; sourceTree = "<group>"; };
		E190F04A2BAB3CDB0070060C /* ContentView.swift */ = {isa = PBXFileReference; lastKnownFileType = sourcecode.swift; path = ContentView.swift; sourceTree = "<group>"; };
		E190F04C2BAB3CDC0070060C /* Assets.xcassets */ = {isa = PBXFileReference; lastKnownFileType = folder.assetcatalog; path = Assets.xcassets; sourceTree = "<group>"; };
		E190F04F2BAB3CDC0070060C /* Preview Assets.xcassets */ = {isa = PBXFileReference; lastKnownFileType = folder.assetcatalog; path = "Preview Assets.xcassets"; sourceTree = "<group>"; };
		E190F0552BAB3CDC0070060C /* FetchAssessmentTests.xctest */ = {isa = PBXFileReference; explicitFileType = wrapper.cfbundle; includeInIndex = 0; path = FetchAssessmentTests.xctest; sourceTree = BUILT_PRODUCTS_DIR; };
		E190F0592BAB3CDC0070060C /* FetchAssessmentTests.swift */ = {isa = PBXFileReference; lastKnownFileType = sourcecode.swift; path = FetchAssessmentTests.swift; sourceTree = "<group>"; };
		E190F05F2BAB3CDC0070060C /* FetchAssessmentUITests.xctest */ = {isa = PBXFileReference; explicitFileType = wrapper.cfbundle; includeInIndex = 0; path = FetchAssessmentUITests.xctest; sourceTree = BUILT_PRODUCTS_DIR; };
		E190F0632BAB3CDC0070060C /* FetchAssessmentUITests.swift */ = {isa = PBXFileReference; lastKnownFileType = sourcecode.swift; path = FetchAssessmentUITests.swift; sourceTree = "<group>"; };
		E190F0652BAB3CDC0070060C /* FetchAssessmentUITestsLaunchTests.swift */ = {isa = PBXFileReference; lastKnownFileType = sourcecode.swift; path = FetchAssessmentUITestsLaunchTests.swift; sourceTree = "<group>"; };
		E190F0732BAB42CC0070060C /* ItemModel.swift */ = {isa = PBXFileReference; lastKnownFileType = sourcecode.swift; path = ItemModel.swift; sourceTree = "<group>"; };
		E190F0762BAB458F0070060C /* ItemViewModel.swift */ = {isa = PBXFileReference; lastKnownFileType = sourcecode.swift; path = ItemViewModel.swift; sourceTree = "<group>"; };
		E190F0792BAB48FC0070060C /* ItemNetworkService.swift */ = {isa = PBXFileReference; lastKnownFileType = sourcecode.swift; path = ItemNetworkService.swift; sourceTree = "<group>"; };
/* End PBXFileReference section */

/* Begin PBXFrameworksBuildPhase section */
		E190F0422BAB3CDB0070060C /* Frameworks */ = {
			isa = PBXFrameworksBuildPhase;
			buildActionMask = 2147483647;
			files = (
			);
			runOnlyForDeploymentPostprocessing = 0;
		};
		E190F0522BAB3CDC0070060C /* Frameworks */ = {
			isa = PBXFrameworksBuildPhase;
			buildActionMask = 2147483647;
			files = (
			);
			runOnlyForDeploymentPostprocessing = 0;
		};
		E190F05C2BAB3CDC0070060C /* Frameworks */ = {
			isa = PBXFrameworksBuildPhase;
			buildActionMask = 2147483647;
			files = (
			);
			runOnlyForDeploymentPostprocessing = 0;
		};
/* End PBXFrameworksBuildPhase section */

/* Begin PBXGroup section */
		E190F03C2BAB3CDB0070060C = {
			isa = PBXGroup;
			children = (
				E190F0472BAB3CDB0070060C /* FetchAssessment */,
				E190F0582BAB3CDC0070060C /* FetchAssessmentTests */,
				E190F0622BAB3CDC0070060C /* FetchAssessmentUITests */,
				E190F0462BAB3CDB0070060C /* Products */,
			);
			sourceTree = "<group>";
		};
		E190F0462BAB3CDB0070060C /* Products */ = {
			isa = PBXGroup;
			children = (
				E190F0452BAB3CDB0070060C /* FetchAssessment.app */,
				E190F0552BAB3CDC0070060C /* FetchAssessmentTests.xctest */,
				E190F05F2BAB3CDC0070060C /* FetchAssessmentUITests.xctest */,
			);
			name = Products;
			sourceTree = "<group>";
		};
		E190F0472BAB3CDB0070060C /* FetchAssessment */ = {
			isa = PBXGroup;
			children = (
				E190F07B2BAB6A0D0070060C /* View */,
				E190F0782BAB45A90070060C /* Service */,
				E190F0752BAB44320070060C /* ViewModel */,
				E190F0722BAB42BF0070060C /* Model */,
				E190F0482BAB3CDB0070060C /* FetchAssessmentApp.swift */,
				E190F04C2BAB3CDC0070060C /* Assets.xcassets */,
				E190F04E2BAB3CDC0070060C /* Preview Content */,
			);
			path = FetchAssessment;
			sourceTree = "<group>";
		};
		E190F04E2BAB3CDC0070060C /* Preview Content */ = {
			isa = PBXGroup;
			children = (
				E190F04F2BAB3CDC0070060C /* Preview Assets.xcassets */,
			);
			path = "Preview Content";
			sourceTree = "<group>";
		};
		E190F0582BAB3CDC0070060C /* FetchAssessmentTests */ = {
			isa = PBXGroup;
			children = (
				E190F0592BAB3CDC0070060C /* FetchAssessmentTests.swift */,
			);
			path = FetchAssessmentTests;
			sourceTree = "<group>";
		};
		E190F0622BAB3CDC0070060C /* FetchAssessmentUITests */ = {
			isa = PBXGroup;
			children = (
				E190F0632BAB3CDC0070060C /* FetchAssessmentUITests.swift */,
				E190F0652BAB3CDC0070060C /* FetchAssessmentUITestsLaunchTests.swift */,
			);
			path = FetchAssessmentUITests;
			sourceTree = "<group>";
		};
		E190F0722BAB42BF0070060C /* Model */ = {
			isa = PBXGroup;
			children = (
				E190F0732BAB42CC0070060C /* ItemModel.swift */,
			);
			path = Model;
			sourceTree = "<group>";
		};
		E190F0752BAB44320070060C /* ViewModel */ = {
			isa = PBXGroup;
			children = (
				E190F0762BAB458F0070060C /* ItemViewModel.swift */,
			);
			path = ViewModel;
			sourceTree = "<group>";
		};
		E190F0782BAB45A90070060C /* Service */ = {
			isa = PBXGroup;
			children = (
				E190F0792BAB48FC0070060C /* ItemNetworkService.swift */,
			);
			path = Service;
			sourceTree = "<group>";
		};
		E190F07B2BAB6A0D0070060C /* View */ = {
			isa = PBXGroup;
			children = (
				E190F04A2BAB3CDB0070060C /* ContentView.swift */,
			);
			path = View;
			sourceTree = "<group>";
		};
/* End PBXGroup section */

/* Begin PBXNativeTarget section */
		E190F0442BAB3CDB0070060C /* FetchAssessment */ = {
			isa = PBXNativeTarget;
			buildConfigurationList = E190F0692BAB3CDC0070060C /* Build configuration list for PBXNativeTarget "FetchAssessment" */;
			buildPhases = (
				E190F0412BAB3CDB0070060C /* Sources */,
				E190F0422BAB3CDB0070060C /* Frameworks */,
				E190F0432BAB3CDB0070060C /* Resources */,
			);
			buildRules = (
			);
			dependencies = (
			);
			name = FetchAssessment;
			productName = FetchAssessment;
			productReference = E190F0452BAB3CDB0070060C /* FetchAssessment.app */;
			productType = "com.apple.product-type.application";
		};
		E190F0542BAB3CDC0070060C /* FetchAssessmentTests */ = {
			isa = PBXNativeTarget;
			buildConfigurationList = E190F06C2BAB3CDC0070060C /* Build configuration list for PBXNativeTarget "FetchAssessmentTests" */;
			buildPhases = (
				E190F0512BAB3CDC0070060C /* Sources */,
				E190F0522BAB3CDC0070060C /* Frameworks */,
				E190F0532BAB3CDC0070060C /* Resources */,
			);
			buildRules = (
			);
			dependencies = (
				E190F0572BAB3CDC0070060C /* PBXTargetDependency */,
			);
			name = FetchAssessmentTests;
			productName = FetchAssessmentTests;
			productReference = E190F0552BAB3CDC0070060C /* FetchAssessmentTests.xctest */;
			productType = "com.apple.product-type.bundle.unit-test";
		};
		E190F05E2BAB3CDC0070060C /* FetchAssessmentUITests */ = {
			isa = PBXNativeTarget;
			buildConfigurationList = E190F06F2BAB3CDC0070060C /* Build configuration list for PBXNativeTarget "FetchAssessmentUITests" */;
			buildPhases = (
				E190F05B2BAB3CDC0070060C /* Sources */,
				E190F05C2BAB3CDC0070060C /* Frameworks */,
				E190F05D2BAB3CDC0070060C /* Resources */,
			);
			buildRules = (
			);
			dependencies = (
				E190F0612BAB3CDC0070060C /* PBXTargetDependency */,
			);
			name = FetchAssessmentUITests;
			productName = FetchAssessmentUITests;
			productReference = E190F05F2BAB3CDC0070060C /* FetchAssessmentUITests.xctest */;
			productType = "com.apple.product-type.bundle.ui-testing";
		};
/* End PBXNativeTarget section */

/* Begin PBXProject section */
		E190F03D2BAB3CDB0070060C /* Project object */ = {
			isa = PBXProject;
			attributes = {
				BuildIndependentTargetsInParallel = 1;
				LastSwiftUpdateCheck = 1500;
				LastUpgradeCheck = 1500;
				TargetAttributes = {
					E190F0442BAB3CDB0070060C = {
						CreatedOnToolsVersion = 15.0;
					};
					E190F0542BAB3CDC0070060C = {
						CreatedOnToolsVersion = 15.0;
						TestTargetID = E190F0442BAB3CDB0070060C;
					};
					E190F05E2BAB3CDC0070060C = {
						CreatedOnToolsVersion = 15.0;
						TestTargetID = E190F0442BAB3CDB0070060C;
					};
				};
			};
			buildConfigurationList = E190F0402BAB3CDB0070060C /* Build configuration list for PBXProject "FetchAssessment" */;
			compatibilityVersion = "Xcode 14.0";
			developmentRegion = en;
			hasScannedForEncodings = 0;
			knownRegions = (
				en,
				Base,
			);
			mainGroup = E190F03C2BAB3CDB0070060C;
			productRefGroup = E190F0462BAB3CDB0070060C /* Products */;
			projectDirPath = "";
			projectRoot = "";
			targets = (
				E190F0442BAB3CDB0070060C /* FetchAssessment */,
				E190F0542BAB3CDC0070060C /* FetchAssessmentTests */,
				E190F05E2BAB3CDC0070060C /* FetchAssessmentUITests */,
			);
		};
/* End PBXProject section */

/* Begin PBXResourcesBuildPhase section */
		E190F0432BAB3CDB0070060C /* Resources */ = {
			isa = PBXResourcesBuildPhase;
			buildActionMask = 2147483647;
			files = (
				E190F0502BAB3CDC0070060C /* Preview Assets.xcassets in Resources */,
				E190F04D2BAB3CDC0070060C /* Assets.xcassets in Resources */,
			);
			runOnlyForDeploymentPostprocessing = 0;
		};
		E190F0532BAB3CDC0070060C /* Resources */ = {
			isa = PBXResourcesBuildPhase;
			buildActionMask = 2147483647;
			files = (
			);
			runOnlyForDeploymentPostprocessing = 0;
		};
		E190F05D2BAB3CDC0070060C /* Resources */ = {
			isa = PBXResourcesBuildPhase;
			buildActionMask = 2147483647;
			files = (
			);
			runOnlyForDeploymentPostprocessing = 0;
		};
/* End PBXResourcesBuildPhase section */

/* Begin PBXSourcesBuildPhase section */
		E190F0412BAB3CDB0070060C /* Sources */ = {
			isa = PBXSourcesBuildPhase;
			buildActionMask = 2147483647;
			files = (
				E190F0742BAB42CC0070060C /* ItemModel.swift in Sources */,
				E190F0772BAB458F0070060C /* ItemViewModel.swift in Sources */,
				E190F04B2BAB3CDB0070060C /* ContentView.swift in Sources */,
				E190F0492BAB3CDB0070060C /* FetchAssessmentApp.swift in Sources */,
				E190F07A2BAB48FC0070060C /* ItemNetworkService.swift in Sources */,
			);
			runOnlyForDeploymentPostprocessing = 0;
		};
		E190F0512BAB3CDC0070060C /* Sources */ = {
			isa = PBXSourcesBuildPhase;
			buildActionMask = 2147483647;
			files = (
				E190F05A2BAB3CDC0070060C /* FetchAssessmentTests.swift in Sources */,
			);
			runOnlyForDeploymentPostprocessing = 0;
		};
		E190F05B2BAB3CDC0070060C /* Sources */ = {
			isa = PBXSourcesBuildPhase;
			buildActionMask = 2147483647;
			files = (
				E190F0642BAB3CDC0070060C /* FetchAssessmentUITests.swift in Sources */,
				E190F0662BAB3CDC0070060C /* FetchAssessmentUITestsLaunchTests.swift in Sources */,
			);
			runOnlyForDeploymentPostprocessing = 0;
		};
/* End PBXSourcesBuildPhase section */

/* Begin PBXTargetDependency section */
		E190F0572BAB3CDC0070060C /* PBXTargetDependency */ = {
			isa = PBXTargetDependency;
			target = E190F0442BAB3CDB0070060C /* FetchAssessment */;
			targetProxy = E190F0562BAB3CDC0070060C /* PBXContainerItemProxy */;
		};
		E190F0612BAB3CDC0070060C /* PBXTargetDependency */ = {
			isa = PBXTargetDependency;
			target = E190F0442BAB3CDB0070060C /* FetchAssessment */;
			targetProxy = E190F0602BAB3CDC0070060C /* PBXContainerItemProxy */;
		};
/* End PBXTargetDependency section */

/* Begin XCBuildConfiguration section */
		E190F0672BAB3CDC0070060C /* Debug */ = {
			isa = XCBuildConfiguration;
			buildSettings = {
				ALWAYS_SEARCH_USER_PATHS = NO;
				ASSETCATALOG_COMPILER_GENERATE_SWIFT_ASSET_SYMBOL_EXTENSIONS = YES;
				CLANG_ANALYZER_NONNULL = YES;
				CLANG_ANALYZER_NUMBER_OBJECT_CONVERSION = YES_AGGRESSIVE;
				CLANG_CXX_LANGUAGE_STANDARD = "gnu++20";
				CLANG_ENABLE_MODULES = YES;
				CLANG_ENABLE_OBJC_ARC = YES;
				CLANG_ENABLE_OBJC_WEAK = YES;
				CLANG_WARN_BLOCK_CAPTURE_AUTORELEASING = YES;
				CLANG_WARN_BOOL_CONVERSION = YES;
				CLANG_WARN_COMMA = YES;
				CLANG_WARN_CONSTANT_CONVERSION = YES;
				CLANG_WARN_DEPRECATED_OBJC_IMPLEMENTATIONS = YES;
				CLANG_WARN_DIRECT_OBJC_ISA_USAGE = YES_ERROR;
				CLANG_WARN_DOCUMENTATION_COMMENTS = YES;
				CLANG_WARN_EMPTY_BODY = YES;
				CLANG_WARN_ENUM_CONVERSION = YES;
				CLANG_WARN_INFINITE_RECURSION = YES;
				CLANG_WARN_INT_CONVERSION = YES;
				CLANG_WARN_NON_LITERAL_NULL_CONVERSION = YES;
				CLANG_WARN_OBJC_IMPLICIT_RETAIN_SELF = YES;
				CLANG_WARN_OBJC_LITERAL_CONVERSION = YES;
				CLANG_WARN_OBJC_ROOT_CLASS = YES_ERROR;
				CLANG_WARN_QUOTED_INCLUDE_IN_FRAMEWORK_HEADER = YES;
				CLANG_WARN_RANGE_LOOP_ANALYSIS = YES;
				CLANG_WARN_STRICT_PROTOTYPES = YES;
				CLANG_WARN_SUSPICIOUS_MOVE = YES;
				CLANG_WARN_UNGUARDED_AVAILABILITY = YES_AGGRESSIVE;
				CLANG_WARN_UNREACHABLE_CODE = YES;
				CLANG_WARN__DUPLICATE_METHOD_MATCH = YES;
				COPY_PHASE_STRIP = NO;
				DEBUG_INFORMATION_FORMAT = dwarf;
				ENABLE_STRICT_OBJC_MSGSEND = YES;
				ENABLE_TESTABILITY = YES;
				ENABLE_USER_SCRIPT_SANDBOXING = YES;
				GCC_C_LANGUAGE_STANDARD = gnu17;
				GCC_DYNAMIC_NO_PIC = NO;
				GCC_NO_COMMON_BLOCKS = YES;
				GCC_OPTIMIZATION_LEVEL = 0;
				GCC_PREPROCESSOR_DEFINITIONS = (
					"DEBUG=1",
					"$(inherited)",
				);
				GCC_WARN_64_TO_32_BIT_CONVERSION = YES;
				GCC_WARN_ABOUT_RETURN_TYPE = YES_ERROR;
				GCC_WARN_UNDECLARED_SELECTOR = YES;
				GCC_WARN_UNINITIALIZED_AUTOS = YES_AGGRESSIVE;
				GCC_WARN_UNUSED_FUNCTION = YES;
				GCC_WARN_UNUSED_VARIABLE = YES;
				IPHONEOS_DEPLOYMENT_TARGET = 17.0;
				LOCALIZATION_PREFERS_STRING_CATALOGS = YES;
				MTL_ENABLE_DEBUG_INFO = INCLUDE_SOURCE;
				MTL_FAST_MATH = YES;
				ONLY_ACTIVE_ARCH = YES;
				SDKROOT = iphoneos;
				SWIFT_ACTIVE_COMPILATION_CONDITIONS = "DEBUG $(inherited)";
				SWIFT_OPTIMIZATION_LEVEL = "-Onone";
			};
			name = Debug;
		};
		E190F0682BAB3CDC0070060C /* Release */ = {
			isa = XCBuildConfiguration;
			buildSettings = {
				ALWAYS_SEARCH_USER_PATHS = NO;
				ASSETCATALOG_COMPILER_GENERATE_SWIFT_ASSET_SYMBOL_EXTENSIONS = YES;
				CLANG_ANALYZER_NONNULL = YES;
				CLANG_ANALYZER_NUMBER_OBJECT_CONVERSION = YES_AGGRESSIVE;
				CLANG_CXX_LANGUAGE_STANDARD = "gnu++20";
				CLANG_ENABLE_MODULES = YES;
				CLANG_ENABLE_OBJC_ARC = YES;
				CLANG_ENABLE_OBJC_WEAK = YES;
				CLANG_WARN_BLOCK_CAPTURE_AUTORELEASING = YES;
				CLANG_WARN_BOOL_CONVERSION = YES;
				CLANG_WARN_COMMA = YES;
				CLANG_WARN_CONSTANT_CONVERSION = YES;
				CLANG_WARN_DEPRECATED_OBJC_IMPLEMENTATIONS = YES;
				CLANG_WARN_DIRECT_OBJC_ISA_USAGE = YES_ERROR;
				CLANG_WARN_DOCUMENTATION_COMMENTS = YES;
				CLANG_WARN_EMPTY_BODY = YES;
				CLANG_WARN_ENUM_CONVERSION = YES;
				CLANG_WARN_INFINITE_RECURSION = YES;
				CLANG_WARN_INT_CONVERSION = YES;
				CLANG_WARN_NON_LITERAL_NULL_CONVERSION = YES;
				CLANG_WARN_OBJC_IMPLICIT_RETAIN_SELF = YES;
				CLANG_WARN_OBJC_LITERAL_CONVERSION = YES;
				CLANG_WARN_OBJC_ROOT_CLASS = YES_ERROR;
				CLANG_WARN_QUOTED_INCLUDE_IN_FRAMEWORK_HEADER = YES;
				CLANG_WARN_RANGE_LOOP_ANALYSIS = YES;
				CLANG_WARN_STRICT_PROTOTYPES = YES;
				CLANG_WARN_SUSPICIOUS_MOVE = YES;
				CLANG_WARN_UNGUARDED_AVAILABILITY = YES_AGGRESSIVE;
				CLANG_WARN_UNREACHABLE_CODE = YES;
				CLANG_WARN__DUPLICATE_METHOD_MATCH = YES;
				COPY_PHASE_STRIP = NO;
				DEBUG_INFORMATION_FORMAT = "dwarf-with-dsym";
				ENABLE_NS_ASSERTIONS = NO;
				ENABLE_STRICT_OBJC_MSGSEND = YES;
				ENABLE_USER_SCRIPT_SANDBOXING = YES;
				GCC_C_LANGUAGE_STANDARD = gnu17;
				GCC_NO_COMMON_BLOCKS = YES;
				GCC_WARN_64_TO_32_BIT_CONVERSION = YES;
				GCC_WARN_ABOUT_RETURN_TYPE = YES_ERROR;
				GCC_WARN_UNDECLARED_SELECTOR = YES;
				GCC_WARN_UNINITIALIZED_AUTOS = YES_AGGRESSIVE;
				GCC_WARN_UNUSED_FUNCTION = YES;
				GCC_WARN_UNUSED_VARIABLE = YES;
				IPHONEOS_DEPLOYMENT_TARGET = 17.0;
				LOCALIZATION_PREFERS_STRING_CATALOGS = YES;
				MTL_ENABLE_DEBUG_INFO = NO;
				MTL_FAST_MATH = YES;
				SDKROOT = iphoneos;
				SWIFT_COMPILATION_MODE = wholemodule;
				VALIDATE_PRODUCT = YES;
			};
			name = Release;
		};
		E190F06A2BAB3CDC0070060C /* Debug */ = {
			isa = XCBuildConfiguration;
			buildSettings = {
				ASSETCATALOG_COMPILER_APPICON_NAME = AppIcon;
				ASSETCATALOG_COMPILER_GLOBAL_ACCENT_COLOR_NAME = AccentColor;
				CODE_SIGN_STYLE = Automatic;
				CURRENT_PROJECT_VERSION = 1;
				DEVELOPMENT_ASSET_PATHS = "\"FetchAssessment/Preview Content\"";
				ENABLE_PREVIEWS = YES;
				GENERATE_INFOPLIST_FILE = YES;
				INFOPLIST_KEY_UIApplicationSceneManifest_Generation = YES;
				INFOPLIST_KEY_UIApplicationSupportsIndirectInputEvents = YES;
				INFOPLIST_KEY_UILaunchScreen_Generation = YES;
				INFOPLIST_KEY_UISupportedInterfaceOrientations_iPad = "UIInterfaceOrientationPortrait UIInterfaceOrientationPortraitUpsideDown UIInterfaceOrientationLandscapeLeft UIInterfaceOrientationLandscapeRight";
				INFOPLIST_KEY_UISupportedInterfaceOrientations_iPhone = "UIInterfaceOrientationPortrait UIInterfaceOrientationLandscapeLeft UIInterfaceOrientationLandscapeRight";
				LD_RUNPATH_SEARCH_PATHS = (
					"$(inherited)",
					"@executable_path/Frameworks",
				);
				MARKETING_VERSION = 1.0;
				PRODUCT_BUNDLE_IDENTIFIER = "Shaival-Personal.FetchAssessment";
				PRODUCT_NAME = "$(TARGET_NAME)";
				SWIFT_EMIT_LOC_STRINGS = YES;
				SWIFT_VERSION = 5.0;
				TARGETED_DEVICE_FAMILY = "1,2";
			};
			name = Debug;
		};
		E190F06B2BAB3CDC0070060C /* Release */ = {
			isa = XCBuildConfiguration;
			buildSettings = {
				ASSETCATALOG_COMPILER_APPICON_NAME = AppIcon;
				ASSETCATALOG_COMPILER_GLOBAL_ACCENT_COLOR_NAME = AccentColor;
				CODE_SIGN_STYLE = Automatic;
				CURRENT_PROJECT_VERSION = 1;
				DEVELOPMENT_ASSET_PATHS = "\"FetchAssessment/Preview Content\"";
				ENABLE_PREVIEWS = YES;
				GENERATE_INFOPLIST_FILE = YES;
				INFOPLIST_KEY_UIApplicationSceneManifest_Generation = YES;
				INFOPLIST_KEY_UIApplicationSupportsIndirectInputEvents = YES;
				INFOPLIST_KEY_UILaunchScreen_Generation = YES;
				INFOPLIST_KEY_UISupportedInterfaceOrientations_iPad = "UIInterfaceOrientationPortrait UIInterfaceOrientationPortraitUpsideDown UIInterfaceOrientationLandscapeLeft UIInterfaceOrientationLandscapeRight";
				INFOPLIST_KEY_UISupportedInterfaceOrientations_iPhone = "UIInterfaceOrientationPortrait UIInterfaceOrientationLandscapeLeft UIInterfaceOrientationLandscapeRight";
				LD_RUNPATH_SEARCH_PATHS = (
					"$(inherited)",
					"@executable_path/Frameworks",
				);
				MARKETING_VERSION = 1.0;
				PRODUCT_BUNDLE_IDENTIFIER = "Shaival-Personal.FetchAssessment";
				PRODUCT_NAME = "$(TARGET_NAME)";
				SWIFT_EMIT_LOC_STRINGS = YES;
				SWIFT_VERSION = 5.0;
				TARGETED_DEVICE_FAMILY = "1,2";
			};
			name = Release;
		};
		E190F06D2BAB3CDC0070060C /* Debug */ = {
			isa = XCBuildConfiguration;
			buildSettings = {
				ALWAYS_EMBED_SWIFT_STANDARD_LIBRARIES = YES;
				BUNDLE_LOADER = "$(TEST_HOST)";
				CODE_SIGN_STYLE = Automatic;
				CURRENT_PROJECT_VERSION = 1;
				GENERATE_INFOPLIST_FILE = YES;
				IPHONEOS_DEPLOYMENT_TARGET = 17.0;
				MARKETING_VERSION = 1.0;
				PRODUCT_BUNDLE_IDENTIFIER = "Shaival-Personal.FetchAssessmentTests";
				PRODUCT_NAME = "$(TARGET_NAME)";
				SWIFT_EMIT_LOC_STRINGS = NO;
				SWIFT_VERSION = 5.0;
				TARGETED_DEVICE_FAMILY = "1,2";
				TEST_HOST = "$(BUILT_PRODUCTS_DIR)/FetchAssessment.app/$(BUNDLE_EXECUTABLE_FOLDER_PATH)/FetchAssessment";
			};
			name = Debug;
		};
		E190F06E2BAB3CDC0070060C /* Release */ = {
			isa = XCBuildConfiguration;
			buildSettings = {
				ALWAYS_EMBED_SWIFT_STANDARD_LIBRARIES = YES;
				BUNDLE_LOADER = "$(TEST_HOST)";
				CODE_SIGN_STYLE = Automatic;
				CURRENT_PROJECT_VERSION = 1;
				GENERATE_INFOPLIST_FILE = YES;
				IPHONEOS_DEPLOYMENT_TARGET = 17.0;
				MARKETING_VERSION = 1.0;
				PRODUCT_BUNDLE_IDENTIFIER = "Shaival-Personal.FetchAssessmentTests";
				PRODUCT_NAME = "$(TARGET_NAME)";
				SWIFT_EMIT_LOC_STRINGS = NO;
				SWIFT_VERSION = 5.0;
				TARGETED_DEVICE_FAMILY = "1,2";
				TEST_HOST = "$(BUILT_PRODUCTS_DIR)/FetchAssessment.app/$(BUNDLE_EXECUTABLE_FOLDER_PATH)/FetchAssessment";
			};
			name = Release;
		};
		E190F0702BAB3CDC0070060C /* Debug */ = {
			isa = XCBuildConfiguration;
			buildSettings = {
				ALWAYS_EMBED_SWIFT_STANDARD_LIBRARIES = YES;
				CODE_SIGN_STYLE = Automatic;
				CURRENT_PROJECT_VERSION = 1;
				GENERATE_INFOPLIST_FILE = YES;
				MARKETING_VERSION = 1.0;
				PRODUCT_BUNDLE_IDENTIFIER = "Shaival-Personal.FetchAssessmentUITests";
				PRODUCT_NAME = "$(TARGET_NAME)";
				SWIFT_EMIT_LOC_STRINGS = NO;
				SWIFT_VERSION = 5.0;
				TARGETED_DEVICE_FAMILY = "1,2";
				TEST_TARGET_NAME = FetchAssessment;
			};
			name = Debug;
		};
		E190F0712BAB3CDC0070060C /* Release */ = {
			isa = XCBuildConfiguration;
			buildSettings = {
				ALWAYS_EMBED_SWIFT_STANDARD_LIBRARIES = YES;
				CODE_SIGN_STYLE = Automatic;
				CURRENT_PROJECT_VERSION = 1;
				GENERATE_INFOPLIST_FILE = YES;
				MARKETING_VERSION = 1.0;
				PRODUCT_BUNDLE_IDENTIFIER = "Shaival-Personal.FetchAssessmentUITests";
				PRODUCT_NAME = "$(TARGET_NAME)";
				SWIFT_EMIT_LOC_STRINGS = NO;
				SWIFT_VERSION = 5.0;
				TARGETED_DEVICE_FAMILY = "1,2";
				TEST_TARGET_NAME = FetchAssessment;
			};
			name = Release;
		};
/* End XCBuildConfiguration section */

/* Begin XCConfigurationList section */
		E190F0402BAB3CDB0070060C /* Build configuration list for PBXProject "FetchAssessment" */ = {
			isa = XCConfigurationList;
			buildConfigurations = (
				E190F0672BAB3CDC0070060C /* Debug */,
				E190F0682BAB3CDC0070060C /* Release */,
			);
			defaultConfigurationIsVisible = 0;
			defaultConfigurationName = Release;
		};
		E190F0692BAB3CDC0070060C /* Build configuration list for PBXNativeTarget "FetchAssessment" */ = {
			isa = XCConfigurationList;
			buildConfigurations = (
				E190F06A2BAB3CDC0070060C /* Debug */,
				E190F06B2BAB3CDC0070060C /* Release */,
			);
			defaultConfigurationIsVisible = 0;
			defaultConfigurationName = Release;
		};
		E190F06C2BAB3CDC0070060C /* Build configuration list for PBXNativeTarget "FetchAssessmentTests" */ = {
			isa = XCConfigurationList;
			buildConfigurations = (
				E190F06D2BAB3CDC0070060C /* Debug */,
				E190F06E2BAB3CDC0070060C /* Release */,
			);
			defaultConfigurationIsVisible = 0;
			defaultConfigurationName = Release;
		};
		E190F06F2BAB3CDC0070060C /* Build configuration list for PBXNativeTarget "FetchAssessmentUITests" */ = {
			isa = XCConfigurationList;
			buildConfigurations = (
				E190F0702BAB3CDC0070060C /* Debug */,
				E190F0712BAB3CDC0070060C /* Release */,
			);
			defaultConfigurationIsVisible = 0;
			defaultConfigurationName = Release;
		};
/* End XCConfigurationList section */
	};
	rootObject = E190F03D2BAB3CDB0070060C /* Project object */;
}
